<?xml version="1.0" encoding="utf-8"?>
<Project ToolsVersion="4.0" xmlns="http://schemas.microsoft.com/developer/msbuild/2003">
  <ItemGroup>
    <Filter Include="Source Files">
      <UniqueIdentifier>{4FC737F1-C7A5-4376-A066-2A32D752A2FF}</UniqueIdentifier>
      <Extensions>cpp;c;cc;cxx;def;odl;idl;hpj;bat;asm;asmx</Extensions>
    </Filter>
    <Filter Include="Header Files">
      <UniqueIdentifier>{93995380-89BD-4b04-88EB-625FBE52EBFB}</UniqueIdentifier>
      <Extensions>h;hh;hpp;hxx;hm;inl;inc;xsd</Extensions>
    </Filter>
    <Filter Include="Resource Files">
      <UniqueIdentifier>{67DA6AB6-F800-4c08-8B7A-83BB121AAD01}</UniqueIdentifier>
      <Extensions>rc;ico;cur;bmp;dlg;rc2;rct;bin;rgs;gif;jpg;jpeg;jpe;resx;tiff;tif;png;wav;mfcribbon-ms</Extensions>
    </Filter>
    <Filter Include="_core">
      <UniqueIdentifier>{a2f15bcc-2854-4090-be7a-b44214ca5663}</UniqueIdentifier>
    </Filter>
    <Filter Include="_libraries">
      <UniqueIdentifier>{6a0713b8-0e2a-4a2d-9ce6-d5db8708833d}</UniqueIdentifier>
    </Filter>
    <Filter Include="_libraries\SPI">
      <UniqueIdentifier>{b8850753-ba78-4d11-b375-0335e07b084e}</UniqueIdentifier>
    </Filter>
    <Filter Include="_libraries\SoftwareSerial">
      <UniqueIdentifier>{bbfe2ae0-b799-4de8-8a7f-e1a2adb7bfb1}</UniqueIdentifier>
    </Filter>
    <Filter Include="_libraries\SFE_CC3000_Library">
      <UniqueIdentifier>{6cb376fc-2c85-4d36-b63d-5a984fd763e8}</UniqueIdentifier>
    </Filter>
  </ItemGroup>
  <ItemGroup>
    <None Include="WeatherClient.ino" />
  </ItemGroup>
  <ItemGroup>
    <ClInclude Include="Visual Micro\.WeatherClient.vsarduino.h">
      <Filter>Header Files</Filter>
    </ClInclude>
    <ClInclude Include="..\..\..\..\..\..\Program Files (x86)\Arduino\hardware\arduino\cores\arduino\Arduino.h">
      <Filter>_core</Filter>
    </ClInclude>
    <ClInclude Include="..\..\..\..\..\..\Program Files (x86)\Arduino\hardware\arduino\cores\arduino\binary.h">
      <Filter>_core</Filter>
    </ClInclude>
    <ClInclude Include="..\..\..\..\..\..\Program Files (x86)\Arduino\hardware\arduino\cores\arduino\Client.h">
      <Filter>_core</Filter>
    </ClInclude>
    <ClInclude Include="..\..\..\..\..\..\Program Files (x86)\Arduino\hardware\arduino\cores\arduino\HardwareSerial.h">
      <Filter>_core</Filter>
    </ClInclude>
    <ClInclude Include="..\..\..\..\..\..\Program Files (x86)\Arduino\hardware\arduino\cores\arduino\IPAddress.h">
      <Filter>_core</Filter>
    </ClInclude>
    <ClInclude Include="..\..\..\..\..\..\Program Files (x86)\Arduino\hardware\arduino\cores\arduino\new.h">
      <Filter>_core</Filter>
    </ClInclude>
    <ClInclude Include="..\..\..\..\..\..\Program Files (x86)\Arduino\hardware\arduino\cores\arduino\Platform.h">
      <Filter>_core</Filter>
    </ClInclude>
    <ClInclude Include="..\..\..\..\..\..\Program Files (x86)\Arduino\hardware\arduino\cores\arduino\Print.h">
      <Filter>_core</Filter>
    </ClInclude>
    <ClInclude Include="..\..\..\..\..\..\Program Files (x86)\Arduino\hardware\arduino\cores\arduino\Printable.h">
      <Filter>_core</Filter>
    </ClInclude>
    <ClInclude Include="..\..\..\..\..\..\Program Files (x86)\Arduino\hardware\arduino\cores\arduino\Server.h">
      <Filter>_core</Filter>
    </ClInclude>
    <ClInclude Include="..\..\..\..\..\..\Program Files (x86)\Arduino\hardware\arduino\cores\arduino\Stream.h">
      <Filter>_core</Filter>
    </ClInclude>
    <ClInclude Include="..\..\..\..\..\..\Program Files (x86)\Arduino\hardware\arduino\cores\arduino\Udp.h">
      <Filter>_core</Filter>
    </ClInclude>
    <ClInclude Include="..\..\..\..\..\..\Program Files (x86)\Arduino\hardware\arduino\cores\arduino\USBAPI.h">
      <Filter>_core</Filter>
    </ClInclude>
    <ClInclude Include="..\..\..\..\..\..\Program Files (x86)\Arduino\hardware\arduino\cores\arduino\USBCore.h">
      <Filter>_core</Filter>
    </ClInclude>
    <ClInclude Include="..\..\..\..\..\..\Program Files (x86)\Arduino\hardware\arduino\cores\arduino\USBDesc.h">
      <Filter>_core</Filter>
    </ClInclude>
    <ClInclude Include="..\..\..\..\..\..\Program Files (x86)\Arduino\hardware\arduino\cores\arduino\WCharacter.h">
      <Filter>_core</Filter>
    </ClInclude>
    <ClInclude Include="..\..\..\..\..\..\Program Files (x86)\Arduino\hardware\arduino\cores\arduino\wiring_private.h">
      <Filter>_core</Filter>
    </ClInclude>
    <ClInclude Include="..\..\..\..\..\..\Program Files (x86)\Arduino\hardware\arduino\cores\arduino\WString.h">
      <Filter>_core</Filter>
    </ClInclude>
    <ClInclude Include="..\..\..\..\..\..\Program Files (x86)\Arduino\hardware\arduino\variants\standard\pins_arduino.h">
      <Filter>_core</Filter>
    </ClInclude>
    <ClInclude Include="..\..\..\..\..\..\Program Files (x86)\Arduino\libraries\SPI\SPI.h">
      <Filter>_libraries\SPI</Filter>
    </ClInclude>
    <ClInclude Include="..\..\..\..\..\..\Program Files (x86)\Arduino\libraries\SoftwareSerial\SoftwareSerial.h">
      <Filter>_libraries\SoftwareSerial</Filter>
    </ClInclude>
    <ClInclude Include="..\..\..\Arduino\libraries\SFE_CC3000_Library\common.h">
      <Filter>_libraries\SFE_CC3000_Library</Filter>
    </ClInclude>
    <ClInclude Include="..\..\..\Arduino\libraries\SFE_CC3000_Library\SFE_CC3000.h">
      <Filter>_libraries\SFE_CC3000_Library</Filter>
    </ClInclude>
    <ClInclude Include="..\..\..\Arduino\libraries\SFE_CC3000_Library\SFE_CC3000_Callbacks.h">
      <Filter>_libraries\SFE_CC3000_Library</Filter>
    </ClInclude>
    <ClInclude Include="..\..\..\Arduino\libraries\SFE_CC3000_Library\SFE_CC3000_Client.h">
      <Filter>_libraries\SFE_CC3000_Library</Filter>
    </ClInclude>
    <ClInclude Include="..\..\..\Arduino\libraries\SFE_CC3000_Library\SFE_CC3000_SPI.h">
      <Filter>_libraries\SFE_CC3000_Library</Filter>
    </ClInclude>
  </ItemGroup>
  <ItemGroup>
    <ClCompile Include="..\..\..\..\..\..\Program Files (x86)\Arduino\hardware\arduino\cores\arduino\CDC.cpp">
      <Filter>_core</Filter>
    </ClCompile>
    <ClCompile Include="..\..\..\..\..\..\Program Files (x86)\Arduino\hardware\arduino\cores\arduino\HardwareSerial.cpp">
      <Filter>_core</Filter>
    </ClCompile>
    <ClCompile Include="..\..\..\..\..\..\Program Files (x86)\Arduino\hardware\arduino\cores\arduino\HID.cpp">
      <Filter>_core</Filter>
    </ClCompile>
    <ClCompile Include="..\..\..\..\..\..\Program Files (x86)\Arduino\hardware\arduino\cores\arduino\IPAddress.cpp">
      <Filter>_core</Filter>
    </ClCompile>
    <ClCompile Include="..\..\..\..\..\..\Program Files (x86)\Arduino\hardware\arduino\cores\arduino\main.cpp">
      <Filter>_core</Filter>
    </ClCompile>
    <ClCompile Include="..\..\..\..\..\..\Program Files (x86)\Arduino\hardware\arduino\cores\arduino\new.cpp">
      <Filter>_core</Filter>
    </ClCompile>
    <ClCompile Include="..\..\..\..\..\..\Program Files (x86)\Arduino\hardware\arduino\cores\arduino\Print.cpp">
      <Filter>_core</Filter>
    </ClCompile>
    <ClCompile Include="..\..\..\..\..\..\Program Files (x86)\Arduino\hardware\arduino\cores\arduino\Stream.cpp">
      <Filter>_core</Filter>
    </ClCompile>
    <ClCompile Include="..\..\..\..\..\..\Program Files (x86)\Arduino\hardware\arduino\cores\arduino\Tone.cpp">
      <Filter>_core</Filter>
    </ClCompile>
    <ClCompile Include="..\..\..\..\..\..\Program Files (x86)\Arduino\hardware\arduino\cores\arduino\USBCore.cpp">
      <Filter>_core</Filter>
    </ClCompile>
    <ClCompile Include="..\..\..\..\..\..\Program Files (x86)\Arduino\hardware\arduino\cores\arduino\WInterrupts.c">
      <Filter>_core</Filter>
    </ClCompile>
    <ClCompile Include="..\..\..\..\..\..\Program Files (x86)\Arduino\hardware\arduino\cores\arduino\wiring.c">
      <Filter>_core</Filter>
    </ClCompile>
    <ClCompile Include="..\..\..\..\..\..\Program Files (x86)\Arduino\hardware\arduino\cores\arduino\wiring_analog.c">
      <Filter>_core</Filter>
    </ClCompile>
    <ClCompile Include="..\..\..\..\..\..\Program Files (x86)\Arduino\hardware\arduino\cores\arduino\wiring_digital.c">
      <Filter>_core</Filter>
    </ClCompile>
    <ClCompile Include="..\..\..\..\..\..\Program Files (x86)\Arduino\hardware\arduino\cores\arduino\wiring_pulse.c">
      <Filter>_core</Filter>
    </ClCompile>
    <ClCompile Include="..\..\..\..\..\..\Program Files (x86)\Arduino\hardware\arduino\cores\arduino\wiring_shift.c">
      <Filter>_core</Filter>
    </ClCompile>
    <ClCompile Include="..\..\..\..\..\..\Program Files (x86)\Arduino\hardware\arduino\cores\arduino\WMath.cpp">
      <Filter>_core</Filter>
    </ClCompile>
    <ClCompile Include="..\..\..\..\..\..\Program Files (x86)\Arduino\hardware\arduino\cores\arduino\WString.cpp">
      <Filter>_core</Filter>
    </ClCompile>
    <ClCompile Include="..\..\..\..\..\..\Program Files (x86)\Arduino\libraries\SPI\SPI.cpp">
      <Filter>_libraries\SPI</Filter>
    </ClCompile>
    <ClCompile Include="..\..\..\..\..\..\Program Files (x86)\Arduino\libraries\SoftwareSerial\SoftwareSerial.cpp">
      <Filter>_libraries\SoftwareSerial</Filter>
    </ClCompile>
    <ClCompile Include="..\..\..\Arduino\libraries\SFE_CC3000_Library\SFE_CC3000.cpp">
      <Filter>_libraries\SFE_CC3000_Library</Filter>
    </ClCompile>
    <ClCompile Include="..\..\..\Arduino\libraries\SFE_CC3000_Library\SFE_CC3000_Callbacks.cpp">
      <Filter>_libraries\SFE_CC3000_Library</Filter>
    </ClCompile>
    <ClCompile Include="..\..\..\Arduino\libraries\SFE_CC3000_Library\SFE_CC3000_Client.cpp">
      <Filter>_libraries\SFE_CC3000_Library</Filter>
    </ClCompile>
    <ClCompile Include="..\..\..\Arduino\libraries\SFE_CC3000_Library\SFE_CC3000_SPI.cpp">
      <Filter>_libraries\SFE_CC3000_Library</Filter>
    </ClCompile>
  </ItemGroup>
</Project>